
Microsoft Visual Studio Solution File, Format Version 12.00
# Visual Studio 15
VisualStudioVersion = 15.0.28307.168
MinimumVisualStudioVersion = 10.0.40219.1
Project("{FAE04EC0-301F-11D3-BF4B-00C04F79EFBC}") = "CoreCMS", "CoreCMS\CoreCMS.csproj", "{C5464F30-CE92-4A52-AB2D-00146FB0B057}"
EndProject
Global
	GlobalSection(SolutionConfigurationPlatforms) = preSolution
		Debug|Any CPU = Debug|Any CPU
		Release|Any CPU = Release|Any CPU
	EndGlobalSection
	GlobalSection(ProjectConfigurationPlatforms) = postSolution
		{C5464F30-CE92-4A52-AB2D-00146FB0B057}.Debug|Any CPU.ActiveCfg = Debug|Any CPU
		{C5464F30-CE92-4A52-AB2D-00146FB0B057}.Debug|Any CPU.Build.0 = Debug|Any CPU
		{C5464F30-CE92-4A52-AB2D-00146FB0B057}.Release|Any CPU.ActiveCfg = Release|Any CPU
		{C5464F30-CE92-4A52-AB2D-00146FB0B057}.Release|Any CPU.Build.0 = Release|Any CPU
	EndGlobalSection
	GlobalSection(SolutionProperties) = preSolution
		HideSolutionNode = FALSE
	EndGlobalSection
	GlobalSection(ExtensibilityGlobals) = postSolution
		SolutionGuid = {FDFA9F33-6FA0-429A-B4BD-376A90A0E354}
	EndGlobalSection
EndGlobal
